
Microsoft Visual Studio Solution File, Format Version 12.00
# Visual Studio Version 17
VisualStudioVersion = 17.11.35327.3
MinimumVisualStudioVersion = 10.0.40219.1
Project("{FAE04EC0-301F-11D3-BF4B-00C04F79EFBC}") = "LinkedList01", "LinkedList01\LinkedList01.csproj", "{F64B093A-1FC5-4E74-A2C9-EB27D8062A10}"
EndProject
Global
	GlobalSection(SolutionConfigurationPlatforms) = preSolution
		Debug|Any CPU = Debug|Any CPU
		Release|Any CPU = Release|Any CPU
	EndGlobalSection
	GlobalSection(ProjectConfigurationPlatforms) = postSolution
		{F64B093A-1FC5-4E74-A2C9-EB27D8062A10}.Debug|Any CPU.ActiveCfg = Debug|Any CPU
		{F64B093A-1FC5-4E74-A2C9-EB27D8062A10}.Debug|Any CPU.Build.0 = Debug|Any CPU
		{F64B093A-1FC5-4E74-A2C9-EB27D8062A10}.Release|Any CPU.ActiveCfg = Release|Any CPU
		{F64B093A-1FC5-4E74-A2C9-EB27D8062A10}.Release|Any CPU.Build.0 = Release|Any CPU
	EndGlobalSection
	GlobalSection(SolutionProperties) = preSolution
		HideSolutionNode = FALSE
	EndGlobalSection
	GlobalSection(ExtensibilityGlobals) = postSolution
		SolutionGuid = {FDFC3E2D-45C7-4EBA-9108-7B83C6A7A858}
	EndGlobalSection
EndGlobal
